{
  "nodes": {
    "flake-parts": {
      "inputs": {
        "nixpkgs-lib": [
          "nix-citizen",
          "nixpkgs"
        ]
      },
      "locked": {
        "lastModified": 1753121425,
        "narHash": "sha256-TVcTNvOeWWk1DXljFxVRp+E0tzG1LhrVjOGGoMHuXio=",
        "owner": "hercules-ci",
        "repo": "flake-parts",
        "rev": "644e0fc48951a860279da645ba77fe4a6e814c5e",
        "type": "github"
      },
      "original": {
        "owner": "hercules-ci",
        "repo": "flake-parts",
        "type": "github"
      }
    },
    "flake-parts_2": {
      "inputs": {
        "nixpkgs-lib": "nixpkgs-lib"
      },
      "locked": {
        "lastModified": 1753121425,
        "narHash": "sha256-TVcTNvOeWWk1DXljFxVRp+E0tzG1LhrVjOGGoMHuXio=",
        "owner": "hercules-ci",
        "repo": "flake-parts",
        "rev": "644e0fc48951a860279da645ba77fe4a6e814c5e",
        "type": "github"
      },
      "original": {
        "owner": "hercules-ci",
        "repo": "flake-parts",
        "type": "github"
      }
    },
    "flake-utils": {
      "inputs": {
        "systems": "systems"
      },
      "locked": {
        "lastModified": 1731533236,
        "narHash": "sha256-l0KFg5HjrsfsO/JpG+r7fRrqm12kzFHyUHqHCVpMMbI=",
        "owner": "numtide",
        "repo": "flake-utils",
        "rev": "11707dc2f618dd54ca8739b309ec4fc024de578b",
        "type": "github"
      },
      "original": {
        "owner": "numtide",
        "repo": "flake-utils",
        "type": "github"
      }
    },
    "nix-citizen": {
      "inputs": {
        "flake-parts": "flake-parts",
        "nix-gaming": [
          "nix-gaming"
        ],
        "nix-github-actions": "nix-github-actions",
        "nixpkgs": "nixpkgs",
        "systems": "systems_2",
        "treefmt-nix": "treefmt-nix"
      },
      "locked": {
        "lastModified": 1753756543,
        "narHash": "sha256-mgsd+OHUFD7ulmcnJPyH5TeiQ/0FP5flixy1ZmSxwjY=",
        "owner": "LovingMelody",
        "repo": "nix-citizen",
        "rev": "34052d92c24483f83b7c31feeb229c56109c2166",
        "type": "github"
      },
      "original": {
        "owner": "LovingMelody",
        "repo": "nix-citizen",
        "type": "github"
      }
    },
    "nix-gaming": {
      "inputs": {
        "flake-parts": "flake-parts_2",
        "nixpkgs": "nixpkgs_2"
      },
      "locked": {
        "lastModified": 1753841490,
        "narHash": "sha256-rcaiQ9e/glv3s5aSYB3/y3T7cs9rY+G0TOixQZQVADA=",
        "owner": "fufexan",
        "repo": "nix-gaming",
        "rev": "1b9569f6474bfc5b7257a8a4ba02d1f26e75f489",
        "type": "github"
      },
      "original": {
        "owner": "fufexan",
        "repo": "nix-gaming",
        "type": "github"
      }
    },
    "nix-github-actions": {
      "inputs": {
        "nixpkgs": [
          "nix-citizen",
          "nixpkgs"
        ]
      },
      "locked": {
        "lastModified": 1737420293,
        "narHash": "sha256-F1G5ifvqTpJq7fdkT34e/Jy9VCyzd5XfJ9TO8fHhJWE=",
        "owner": "nix-community",
        "repo": "nix-github-actions",
        "rev": "f4158fa080ef4503c8f4c820967d946c2af31ec9",
        "type": "github"
      },
      "original": {
        "owner": "nix-community",
        "repo": "nix-github-actions",
        "type": "github"
      }
    },
    "nixpkgs": {
      "locked": {
        "lastModified": 1753721387,
        "narHash": "sha256-AjDlxyP8eV7cJmLSuPgzf2KhdFXPBd05VN85GooLMS8=",
        "owner": "NixOS",
        "repo": "nixpkgs",
        "rev": "4800b181ff3c17f73a50296b85053d37ef9c1711",
        "type": "github"
      },
      "original": {
        "owner": "NixOS",
        "ref": "nixos-unstable",
        "repo": "nixpkgs",
        "type": "github"
      }
    },
    "nixpkgs-lib": {
      "locked": {
        "lastModified": 1751159883,
        "narHash": "sha256-urW/Ylk9FIfvXfliA1ywh75yszAbiTEVgpPeinFyVZo=",
        "owner": "nix-community",
        "repo": "nixpkgs.lib",
        "rev": "14a40a1d7fb9afa4739275ac642ed7301a9ba1ab",
        "type": "github"
      },
      "original": {
        "owner": "nix-community",
        "repo": "nixpkgs.lib",
        "type": "github"
      }
    },
    "nixpkgs_2": {
      "locked": {
        "lastModified": 1753432016,
        "narHash": "sha256-cnL5WWn/xkZoyH/03NNUS7QgW5vI7D1i74g48qplCvg=",
        "owner": "NixOS",
        "repo": "nixpkgs",
        "rev": "6027c30c8e9810896b92429f0092f624f7b1aace",
        "type": "github"
      },
      "original": {
        "owner": "NixOS",
        "ref": "nixpkgs-unstable",
        "repo": "nixpkgs",
        "type": "github"
      }
    },
    "nixpkgs_3": {
      "locked": {
        "lastModified": 1753749649,
        "narHash": "sha256-+jkEZxs7bfOKfBIk430K+tK9IvXlwzqQQnppC2ZKFj4=",
        "owner": "NixOS",
        "repo": "nixpkgs",
        "rev": "1f08a4df998e21f4e8be8fb6fbf61d11a1a5076a",
        "type": "github"
      },
      "original": {
        "owner": "NixOS",
        "ref": "nixos-25.05",
        "repo": "nixpkgs",
        "type": "github"
      }
    },
    "root": {
      "inputs": {
        "flake-utils": "flake-utils",
        "nix-citizen": "nix-citizen",
        "nix-gaming": "nix-gaming",
        "nixpkgs": "nixpkgs_3",
        "unstable": "unstable"
      }
    },
    "systems": {
      "locked": {
        "lastModified": 1681028828,
        "narHash": "sha256-Vy1rq5AaRuLzOxct8nz4T6wlgyUR7zLU309k9mBC768=",
        "owner": "nix-systems",
        "repo": "default",
        "rev": "da67096a3b9bf56a91d16901293e51ba5b49a27e",
        "type": "github"
      },
      "original": {
        "owner": "nix-systems",
        "repo": "default",
        "type": "github"
      }
    },
    "systems_2": {
      "locked": {
        "lastModified": 1681028828,
        "narHash": "sha256-Vy1rq5AaRuLzOxct8nz4T6wlgyUR7zLU309k9mBC768=",
        "owner": "nix-systems",
        "repo": "default",
        "rev": "da67096a3b9bf56a91d16901293e51ba5b49a27e",
        "type": "github"
      },
      "original": {
        "owner": "nix-systems",
        "repo": "default",
        "type": "github"
      }
    },
    "treefmt-nix": {
      "inputs": {
        "nixpkgs": [
          "nix-citizen",
          "nixpkgs"
        ]
      },
      "locked": {
        "lastModified": 1753439394,
        "narHash": "sha256-Bv9h1AJegLI8uAhiJ1sZ4XAndYxhgf38tMgCQwiEpmc=",
        "owner": "numtide",
        "repo": "treefmt-nix",
        "rev": "2673921c03d6e75fdf4aa93e025772608d1482cf",
        "type": "github"
      },
      "original": {
        "owner": "numtide",
        "repo": "treefmt-nix",
        "type": "github"
      }
    },
    "unstable": {
      "locked": {
        "lastModified": 1753694789,
        "narHash": "sha256-cKgvtz6fKuK1Xr5LQW/zOUiAC0oSQoA9nOISB0pJZqM=",
        "owner": "NixOS",
        "repo": "nixpkgs",
        "rev": "dc9637876d0dcc8c9e5e22986b857632effeb727",
        "type": "github"
      },
      "original": {
        "owner": "NixOS",
        "ref": "nixos-unstable",
        "repo": "nixpkgs",
        "type": "github"
      }
    }
  },
  "root": "root",
  "version": 7
}
