{
  "nodes": {
    "NixVirt": {
      "inputs": {
        "nixpkgs": [
          "nixpkgs"
        ]
      },
      "locked": {
        "lastModified": 1748140003,
        "narHash": "sha256-DNBZmuk1YRM2PmwbHzVdXumRjCUzQkMarg4iI/37rOQ=",
        "rev": "5dfe108fd859b122f9a96981cb6bc12297653d6c",
        "revCount": 407,
        "type": "tarball",
        "url": "https://api.flakehub.com/f/pinned/AshleyYakeley/NixVirt/0.6.0/0197059a-e45f-7446-86b5-411ccc894ab0/source.tar.gz"
      },
      "original": {
        "type": "tarball",
        "url": "https://flakehub.com/f/AshleyYakeley/NixVirt/%2A.tar.gz"
      }
    },
    "antigravity-nix": {
      "inputs": {
        "flake-utils": "flake-utils",
        "nixpkgs": [
          "nixpkgs"
        ]
      },
      "locked": {
        "lastModified": 1787728905,
        "narHash": "sha256-Ab595X6dKpuryKjGrPWJz9maf3lkNjlkfpy6Qm5Bg/g=",
        "owner": "jacopone",
        "repo": "antigravity-nix",
        "rev": "06e069b1a26e902583974ee9df580b6bbd5b798b",
        "type": "github"
      },
      "original": {
        "owner": "jacopone",
        "repo": "antigravity-nix",
        "type": "github"
      }
    },
    "bun2nix": {
      "inputs": {
        "flake-parts": [
          "llm-agents",
          "flake-parts"
        ],
        "nixpkgs": [
          "llm-agents",
          "nixpkgs"
        ],
        "systems": [
          "llm-agents",
          "systems"
        ],
        "treefmt-nix": [
          "llm-agents",
          "treefmt-nix"
        ]
      },
      "locked": {
        "lastModified": 1784665499,
        "narHash": "sha256-9BMxlTxCCDAeoNLtb1a/st7udtTIJep+wpUzquA29VU=",
        "owner": "nix-community",
        "repo": "bun2nix",
        "rev": "0f2a1f0b6f42cebe3b149bf62d38754c5e0e9729",
        "type": "github"
      },
      "original": {
        "owner": "nix-community",
        "repo": "bun2nix",
        "type": "github"
      }
    },
    "determinate-nix": {
      "inputs": {
        "determinate-nixd-aarch64-darwin": "determinate-nixd-aarch64-darwin",
        "determinate-nixd-aarch64-linux": "determinate-nixd-aarch64-linux",
        "determinate-nixd-x86_64-linux": "determinate-nixd-x86_64-linux",
        "nix": "nix",
        "nixpkgs": "nixpkgs_2"
      },
      "locked": {
        "lastModified": 1787341630,
        "narHash": "sha256-LGGnqJH919hu3YKK0hC/3vsl3Glya4bbEoW7Lbok3gc=",
        "rev": "b484316129e0089e28077f4ede85ac4dbd4b842f",
        "revCount": 435,
        "type": "tarball",
        "url": "https://api.flakehub.com/f/pinned/DeterminateSystems/determinate/3.22.2/01a025df-f652-7701-a0cd-4f1373154572/source.tar.gz"
      },
      "original": {
        "type": "tarball",
        "url": "https://flakehub.com/f/DeterminateSystems/determinate/%2A"
      }
    },
    "determinate-nixd-aarch64-darwin": {
      "flake": false,
      "locked": {
        "narHash": "sha256-76KjZDujSBvk+weVMPngpcbbERAdCozOXni6LII6M/g=",
        "type": "file",
        "url": "https://install.determinate.systems/determinate-nixd/tag/v3.22.2/macOS"
      },
      "original": {
        "type": "file",
        "url": "https://install.determinate.systems/determinate-nixd/tag/v3.22.2/macOS"
      }
    },
    "determinate-nixd-aarch64-linux": {
      "flake": false,
      "locked": {
        "narHash": "sha256-zr+VnNMCbERuf0mUOjJHBft/BwZdcjk4rKA7pXwRbSY=",
        "type": "file",
        "url": "https://install.determinate.systems/determinate-nixd/tag/v3.22.2/aarch64-linux"
      },
      "original": {
        "type": "file",
        "url": "https://install.determinate.systems/determinate-nixd/tag/v3.22.2/aarch64-linux"
      }
    },
    "determinate-nixd-x86_64-linux": {
      "flake": false,
      "locked": {
        "narHash": "sha256-Rp0y7m4SQecV4R8wFjNLRIXcC73I4r4js+kAdAkoAbk=",
        "type": "file",
        "url": "https://install.determinate.systems/determinate-nixd/tag/v3.22.2/x86_64-linux"
      },
      "original": {
        "type": "file",
        "url": "https://install.determinate.systems/determinate-nixd/tag/v3.22.2/x86_64-linux"
      }
    },
    "disko": {
      "inputs": {
        "nixpkgs": [
          "nixpkgs"
        ]
      },
      "locked": {
        "lastModified": 1781152676,
        "narHash": "sha256-RxWs5ND31KzTG7wvMM+PMfUjyNpmIEr999lqNARaM5o=",
        "owner": "nix-community",
        "repo": "disko",
        "rev": "ff8702b4de27f72b4c78573dfb89ec74e36abdf1",
        "type": "github"
      },
      "original": {
        "owner": "nix-community",
        "repo": "disko",
        "type": "github"
      }
    },
    "eve-preview-manager": {
      "inputs": {
        "nixpkgs": [
          "nixpkgs"
        ],
        "rust-overlay": "rust-overlay"
      },
      "locked": {
        "lastModified": 1780339553,
        "narHash": "sha256-PZpBfRvrZmzUPBhmpAZeDwzTAZdA/pXd6+AbZpGivEE=",
        "rev": "3ad8b18b69e9d3adea7ad167ba7220ec8c82eadc",
        "revCount": 340,
        "type": "tarball",
        "url": "https://api.flakehub.com/f/pinned/h0lylag/EVE-Preview-Manager/1.8.0/019e848e-1d9f-7612-92df-c18c29d7f7e8/source.tar.gz"
      },
      "original": {
        "type": "tarball",
        "url": "https://flakehub.com/f/h0lylag/EVE-Preview-Manager/%2A"
      }
    },
    "flake-compat": {
      "flake": false,
      "locked": {
        "lastModified": 1767039857,
        "narHash": "sha256-vNpUSpF5Nuw8xvDLj2KCwwksIbjua2LZCqhV1LNRDns=",
        "owner": "NixOS",
        "repo": "flake-compat",
        "rev": "5edf11c44bc78a0d334f6334cdaf7d60d732daab",
        "type": "github"
      },
      "original": {
        "owner": "NixOS",
        "repo": "flake-compat",
        "type": "github"
      }
    },
    "flake-compat_2": {
      "flake": false,
      "locked": {
        "lastModified": 1777699697,
        "narHash": "sha256-Eg9b/rq/ECYwNwEXs5i9wHyhxNI0JrYx2srdI2uZMaQ=",
        "rev": "382052b74656a369c5408822af3f2501e9b1af81",
        "type": "tarball",
        "url": "https://git.lix.systems/api/v1/repos/lix-project/flake-compat/archive/382052b74656a369c5408822af3f2501e9b1af81.tar.gz?rev=382052b74656a369c5408822af3f2501e9b1af81"
      },
      "original": {
        "type": "tarball",
        "url": "https://git.lix.systems/lix-project/flake-compat/archive/main.tar.gz"
      }
    },
    "flake-compat_3": {
      "flake": false,
      "locked": {
        "lastModified": 1767039857,
        "narHash": "sha256-vNpUSpF5Nuw8xvDLj2KCwwksIbjua2LZCqhV1LNRDns=",
        "owner": "NixOS",
        "repo": "flake-compat",
        "rev": "5edf11c44bc78a0d334f6334cdaf7d60d732daab",
        "type": "github"
      },
      "original": {
        "owner": "NixOS",
        "repo": "flake-compat",
        "type": "github"
      }
    },
    "flake-compat_4": {
      "flake": false,
      "locked": {
        "lastModified": 1747046372,
        "narHash": "sha256-CIVLLkVgvHYbgI2UpXvIIBJ12HWgX+fjA8Xf8PUmqCY=",
        "owner": "edolstra",
        "repo": "flake-compat",
        "rev": "9100a0f413b0c601e0533d1d94ffd501ce2e7885",
        "type": "github"
      },
      "original": {
        "owner": "edolstra",
        "repo": "flake-compat",
        "type": "github"
      }
    },
    "flake-parts": {
      "inputs": {
        "nixpkgs-lib": [
          "determinate-nix",
          "nix",
          "nixpkgs"
        ]
      },
      "locked": {
        "lastModified": 1782949081,
        "narHash": "sha256-vp6Y/Grm98ESt6ceOkWiHWyZRDV3J1RID4w+6NWK9yA=",
        "rev": "17c9d6cdfc60c64f4ee8d306f9bc0b4ccb51481e",
        "revCount": 480,
        "type": "tarball",
        "url": "https://api.flakehub.com/f/pinned/hercules-ci/flake-parts/0.1.480%2Brev-17c9d6cdfc60c64f4ee8d306f9bc0b4ccb51481e/019f2195-dee5-7233-9747-eca0c27f7406/source.tar.gz"
      },
      "original": {
        "type": "tarball",
        "url": "https://flakehub.com/f/hercules-ci/flake-parts/0.1"
      }
    },
    "flake-parts_2": {
      "inputs": {
        "nixpkgs-lib": [
          "hermes-agent",
          "nixpkgs"
        ]
      },
      "locked": {
        "lastModified": 1782949081,
        "narHash": "sha256-vp6Y/Grm98ESt6ceOkWiHWyZRDV3J1RID4w+6NWK9yA=",
        "owner": "hercules-ci",
        "repo": "flake-parts",
        "rev": "17c9d6cdfc60c64f4ee8d306f9bc0b4ccb51481e",
        "type": "github"
      },
      "original": {
        "owner": "hercules-ci",
        "repo": "flake-parts",
        "type": "github"
      }
    },
    "flake-parts_3": {
      "inputs": {
        "nixpkgs-lib": [
          "llm-agents",
          "nixpkgs"
        ]
      },
      "locked": {
        "lastModified": 1787559586,
        "narHash": "sha256-onL0VLf9vPllmT0H/OlURIU5r5t5WIEl7t4tVNKT0Nw=",
        "owner": "hercules-ci",
        "repo": "flake-parts",
        "rev": "9d0d87172c374f89da73c1cfe6d81ae62feac1f1",
        "type": "github"
      },
      "original": {
        "owner": "hercules-ci",
        "repo": "flake-parts",
        "type": "github"
      }
    },
    "flake-parts_4": {
      "inputs": {
        "nixpkgs-lib": "nixpkgs-lib"
      },
      "locked": {
        "lastModified": 1785627969,
        "narHash": "sha256-4dtXQk/NMePegK/nWp5NSeuZKLATItOq61lpEvmXqGw=",
        "owner": "hercules-ci",
        "repo": "flake-parts",
        "rev": "427bf4bd9435fdf21321c8cc628c24efc14c0f7a",
        "type": "github"
      },
      "original": {
        "owner": "hercules-ci",
        "repo": "flake-parts",
        "type": "github"
      }
    },
    "flake-parts_5": {
      "inputs": {
        "nixpkgs-lib": "nixpkgs-lib_2"
      },
      "locked": {
        "lastModified": 1785627969,
        "narHash": "sha256-4dtXQk/NMePegK/nWp5NSeuZKLATItOq61lpEvmXqGw=",
        "owner": "hercules-ci",
        "repo": "flake-parts",
        "rev": "427bf4bd9435fdf21321c8cc628c24efc14c0f7a",
        "type": "github"
      },
      "original": {
        "owner": "hercules-ci",
        "repo": "flake-parts",
        "type": "github"
      }
    },
    "flake-utils": {
      "inputs": {
        "systems": "systems"
      },
      "locked": {
        "lastModified": 1731533236,
        "narHash": "sha256-l0KFg5HjrsfsO/JpG+r7fRrqm12kzFHyUHqHCVpMMbI=",
        "owner": "numtide",
        "repo": "flake-utils",
        "rev": "11707dc2f618dd54ca8739b309ec4fc024de578b",
        "type": "github"
      },
      "original": {
        "owner": "numtide",
        "repo": "flake-utils",
        "type": "github"
      }
    },
    "git-hooks": {
      "inputs": {
        "flake-compat": [
          "nix-gaming",
          "flake-compat"
        ],
        "nixpkgs": [
          "nix-gaming",
          "nixpkgs"
        ]
      },
      "locked": {
        "lastModified": 1787424939,
        "narHash": "sha256-O2tBn84NNuHrnqNVxx/XqsXwfYvS1YwBh+7CBnbCYsk=",
        "owner": "cachix",
        "repo": "git-hooks.nix",
        "rev": "809414f0cdadf82cf11b06c2b29ba9b3168b3297",
        "type": "github"
      },
      "original": {
        "owner": "cachix",
        "repo": "git-hooks.nix",
        "type": "github"
      }
    },
    "git-hooks-nix": {
      "inputs": {
        "flake-compat": "flake-compat",
        "nixpkgs": [
          "determinate-nix",
          "nix",
          "nixpkgs"
        ]
      },
      "locked": {
        "lastModified": 1784288435,
        "narHash": "sha256-ReRHaLgr/uVqdD8afFSn+myXIfpHeOhP0yYe0TJqAA8=",
        "rev": "43b3c1ab9d40fb1dbb008f451988a91e375825e9",
        "revCount": 1231,
        "type": "tarball",
        "url": "https://api.flakehub.com/f/pinned/cachix/git-hooks.nix/0.1.1231%2Brev-43b3c1ab9d40fb1dbb008f451988a91e375825e9/019f7135-8fdf-76f0-b1a1-d2c67e91af8d/source.tar.gz"
      },
      "original": {
        "type": "tarball",
        "url": "https://flakehub.com/f/cachix/git-hooks.nix/0.1.941"
      }
    },
    "hermes-agent": {
      "inputs": {
        "flake-parts": "flake-parts_2",
        "home-manager": "home-manager",
        "nixpkgs": "nixpkgs_3",
        "npm-lockfile-fix": "npm-lockfile-fix",
        "pyproject-build-systems": "pyproject-build-systems",
        "pyproject-nix": "pyproject-nix",
        "uv2nix": "uv2nix"
      },
      "locked": {
        "lastModified": 1787314587,
        "narHash": "sha256-oeFJlEoFybqKkbuWT4mW8PRauusjt3y44ZJXAcA7TPY=",
        "owner": "NousResearch",
        "repo": "hermes-agent",
        "rev": "fcbd1076a93841fa88855acce810e342a5b78101",
        "type": "github"
      },
      "original": {
        "owner": "NousResearch",
        "ref": "v2026.8.19",
        "repo": "hermes-agent",
        "type": "github"
      }
    },
    "home-manager": {
      "inputs": {
        "nixpkgs": [
          "hermes-agent",
          "nixpkgs"
        ]
      },
      "locked": {
        "lastModified": 1786487128,
        "narHash": "sha256-ad60hrRVhH/bo3Jl1YLzO+QcS3mUNZr9LNJdzhMO2P4=",
        "owner": "nix-community",
        "repo": "home-manager",
        "rev": "f404edbfa4117810c96b97048299242fc50e5362",
        "type": "github"
      },
      "original": {
        "owner": "nix-community",
        "repo": "home-manager",
        "type": "github"
      }
    },
    "llm-agents": {
      "inputs": {
        "bun2nix": "bun2nix",
        "flake-parts": "flake-parts_3",
        "nixpkgs": [
          "nixpkgs-unstable"
        ],
        "systems": "systems_2",
        "treefmt-nix": "treefmt-nix"
      },
      "locked": {
        "lastModified": 1787786215,
        "narHash": "sha256-W0TihsPeAc6TuApOJtreFt3JOaOmSP8gf7Pvtt21X6s=",
        "owner": "numtide",
        "repo": "llm-agents.nix",
        "rev": "4fbd839703b4b77b7bb66937ff10cd8a44a8ad6e",
        "type": "github"
      },
      "original": {
        "owner": "numtide",
        "repo": "llm-agents.nix",
        "type": "github"
      }
    },
    "nix": {
      "inputs": {
        "flake-parts": "flake-parts",
        "git-hooks-nix": "git-hooks-nix",
        "nixpkgs": "nixpkgs",
        "nixpkgs-23-11": "nixpkgs-23-11",
        "nixpkgs-regression": "nixpkgs-regression"
      },
      "locked": {
        "lastModified": 1787334067,
        "narHash": "sha256-wmwgSBcAGJe/e+FrLwJxlghYV12F7UkIodm0j6cosYg=",
        "rev": "c407745c8b9b616bebf7288697699c45794e31ac",
        "revCount": 27248,
        "type": "tarball",
        "url": "https://api.flakehub.com/f/pinned/DeterminateSystems/nix-src/3.22.2/01a02595-e77f-7e43-a616-5bbc77a2dc07/source.tar.gz"
      },
      "original": {
        "type": "tarball",
        "url": "https://flakehub.com/f/DeterminateSystems/nix-src/%2A"
      }
    },
    "nix-citizen": {
      "inputs": {
        "flake-compat": "flake-compat_2",
        "nix-gaming": [
          "nix-gaming"
        ],
        "nixpkgs": "nixpkgs_4",
        "treefmt-nix": "treefmt-nix_2"
      },
      "locked": {
        "lastModified": 1786008908,
        "narHash": "sha256-b/9Y2u4YIwLfIdfg8nYxzVRDjm9fAqsFtK8Ikaf8YTs=",
        "owner": "LovingMelody",
        "repo": "nix-citizen",
        "rev": "094035e7a82b147dd09690074d6bb1f9f61ec7ba",
        "type": "github"
      },
      "original": {
        "owner": "LovingMelody",
        "repo": "nix-citizen",
        "type": "github"
      }
    },
    "nix-gaming": {
      "inputs": {
        "flake-compat": "flake-compat_3",
        "flake-parts": "flake-parts_4",
        "git-hooks": "git-hooks",
        "nixpkgs": "nixpkgs_5"
      },
      "locked": {
        "lastModified": 1787754866,
        "narHash": "sha256-AL9LDzEBCuGwlqMhowIpHIXpGMqqYzDs17p0GhDhUio=",
        "owner": "fufexan",
        "repo": "nix-gaming",
        "rev": "ac5f99c20a22e92a92bf60315287eacc9dff2c74",
        "type": "github"
      },
      "original": {
        "owner": "fufexan",
        "repo": "nix-gaming",
        "type": "github"
      }
    },
    "nix-minecraft": {
      "inputs": {
        "flake-compat": "flake-compat_4",
        "nixpkgs": [
          "nixpkgs"
        ],
        "systems": "systems_3"
      },
      "locked": {
        "lastModified": 1787708793,
        "narHash": "sha256-Ovp8JorHAQbFNgenK0jTUnUU4tB7R9rS5Uao/L/dkg0=",
        "owner": "Infinidoge",
        "repo": "nix-minecraft",
        "rev": "e81f8786718bd697348f66ef7023d1ddc4e5a0b6",
        "type": "github"
      },
      "original": {
        "owner": "Infinidoge",
        "repo": "nix-minecraft",
        "type": "github"
      }
    },
    "nixcord": {
      "inputs": {
        "flake-parts": "flake-parts_5",
        "nixpkgs": "nixpkgs_6",
        "nixpkgs-nixcord": "nixpkgs-nixcord",
        "treefmt-nix": "treefmt-nix_3"
      },
      "locked": {
        "lastModified": 1787718824,
        "narHash": "sha256-JQFXFuhIUAptwpqPyIam82X4FtEhUHbXOjp1yrBJF6U=",
        "owner": "4evy",
        "repo": "nixcord",
        "rev": "23c16138eabc4880cb730a7db18d43c3df6a3e5e",
        "type": "github"
      },
      "original": {
        "owner": "4evy",
        "repo": "nixcord",
        "type": "github"
      }
    },
    "nixpkgs": {
      "locked": {
        "lastModified": 1784160687,
        "narHash": "sha256-iYL/bixrb6FlHFu/gIuBYzq6c6lM5AAXsXNSWXtIgQc=",
        "rev": "4382ed2b7a6839d4280a9b386db49cbc5907414d",
        "revCount": 1009383,
        "type": "tarball",
        "url": "https://api.flakehub.com/f/pinned/NixOS/nixpkgs/0.2605.1009383%2Brev-4382ed2b7a6839d4280a9b386db49cbc5907414d/019f6c11-ad78-7500-a194-d18a5bad0fbe/source.tar.gz"
      },
      "original": {
        "type": "tarball",
        "url": "https://flakehub.com/f/NixOS/nixpkgs/0.2605"
      }
    },
    "nixpkgs-23-11": {
      "locked": {
        "lastModified": 1717159533,
        "narHash": "sha256-oamiKNfr2MS6yH64rUn99mIZjc45nGJlj9eGth/3Xuw=",
        "owner": "NixOS",
        "repo": "nixpkgs",
        "rev": "a62e6edd6d5e1fa0329b8653c801147986f8d446",
        "type": "github"
      },
      "original": {
        "owner": "NixOS",
        "repo": "nixpkgs",
        "rev": "a62e6edd6d5e1fa0329b8653c801147986f8d446",
        "type": "github"
      }
    },
    "nixpkgs-25-11": {
      "locked": {
        "lastModified": 1782847189,
        "narHash": "sha256-twXPFqFsrrY5r28Zh7Homgcp2gUMBgQ6WDS98Q/3xFI=",
        "rev": "b6018f87da91d19d0ab4cf979885689b469cdd41",
        "revCount": 914311,
        "type": "tarball",
        "url": "https://api.flakehub.com/f/pinned/NixOS/nixpkgs/0.2511.914311%2Brev-b6018f87da91d19d0ab4cf979885689b469cdd41/019f1ee4-0120-7563-9794-9467a86ac4bc/source.tar.gz"
      },
      "original": {
        "type": "tarball",
        "url": "https://flakehub.com/f/NixOS/nixpkgs/0.2511"
      }
    },
    "nixpkgs-lib": {
      "locked": {
        "lastModified": 1785031560,
        "narHash": "sha256-OmshNvn2vupOFpYinLUu+1Dnpu4n7Q5N3ggGVNHpkUI=",
        "owner": "nix-community",
        "repo": "nixpkgs.lib",
        "rev": "0e79af5e3d4dcfcd676ab5ba3f95d2e3352e078c",
        "type": "github"
      },
      "original": {
        "owner": "nix-community",
        "repo": "nixpkgs.lib",
        "type": "github"
      }
    },
    "nixpkgs-lib_2": {
      "locked": {
        "lastModified": 1785031560,
        "narHash": "sha256-OmshNvn2vupOFpYinLUu+1Dnpu4n7Q5N3ggGVNHpkUI=",
        "owner": "nix-community",
        "repo": "nixpkgs.lib",
        "rev": "0e79af5e3d4dcfcd676ab5ba3f95d2e3352e078c",
        "type": "github"
      },
      "original": {
        "owner": "nix-community",
        "repo": "nixpkgs.lib",
        "type": "github"
      }
    },
    "nixpkgs-nixcord": {
      "locked": {
        "lastModified": 1786711500,
        "narHash": "sha256-QvnceIGTBeDvDd9oCn+GvdsnkquliuwbVgpiRH68qaQ=",
        "owner": "NixOS",
        "repo": "nixpkgs",
        "rev": "02e08985a27c65ffd33d434eeb2e660a2e4dc84d",
        "type": "github"
      },
      "original": {
        "owner": "NixOS",
        "ref": "nixos-26.05",
        "repo": "nixpkgs",
        "type": "github"
      }
    },
    "nixpkgs-regression": {
      "locked": {
        "lastModified": 1643052045,
        "narHash": "sha256-uGJ0VXIhWKGXxkeNnq4TvV3CIOkUJ3PAoLZ3HMzNVMw=",
        "owner": "NixOS",
        "repo": "nixpkgs",
        "rev": "215d4d0fd80ca5163643b03a33fde804a29cc1e2",
        "type": "github"
      },
      "original": {
        "owner": "NixOS",
        "repo": "nixpkgs",
        "rev": "215d4d0fd80ca5163643b03a33fde804a29cc1e2",
        "type": "github"
      }
    },
    "nixpkgs-unstable": {
      "locked": {
        "lastModified": 1787498568,
        "narHash": "sha256-9i/VTdusq/+NM/tz+J1Re+ojkMB8MBf0QshnYfzHz30=",
        "rev": "56c02bc00adcf003215cc4bd996d6efaf4cff188",
        "revCount": 1060451,
        "type": "tarball",
        "url": "https://api.flakehub.com/f/pinned/NixOS/nixpkgs/0.1.1060451%2Brev-56c02bc00adcf003215cc4bd996d6efaf4cff188/01a034df-871e-72e1-9295-6ebb32070ef3/source.tar.gz"
      },
      "original": {
        "type": "tarball",
        "url": "https://flakehub.com/f/NixOS/nixpkgs/0.1"
      }
    },
    "nixpkgs_2": {
      "locked": {
        "lastModified": 1786247143,
        "narHash": "sha256-8S3Kcxs7D4UtxJxSJZz0m14CGhuW0MxfrIwJxeGWGnQ=",
        "rev": "279b4a8275f032c566576b3f181fa0f27197f588",
        "revCount": 1050399,
        "type": "tarball",
        "url": "https://api.flakehub.com/f/pinned/DeterminateSystems/nixpkgs-weekly/0.1.1050399%2Brev-279b4a8275f032c566576b3f181fa0f27197f588/01a01364-0c36-7a91-b20d-31b3a834ddeb/source.tar.gz"
      },
      "original": {
        "type": "tarball",
        "url": "https://flakehub.com/f/DeterminateSystems/nixpkgs-weekly/0.1"
      }
    },
    "nixpkgs_3": {
      "locked": {
        "lastModified": 1785318670,
        "narHash": "sha256-dN6Ou5x/+23FZLEpYP3IffO+NyJFzUlGumt1uu3MMaY=",
        "owner": "NixOS",
        "repo": "nixpkgs",
        "rev": "0954f7ee2f6bb3dc7d4e3d0d8bcb8fd4bde4cfc5",
        "type": "github"
      },
      "original": {
        "owner": "NixOS",
        "ref": "nixos-unstable",
        "repo": "nixpkgs",
        "type": "github"
      }
    },
    "nixpkgs_4": {
      "locked": {
        "lastModified": 1785828668,
        "narHash": "sha256-8fsyqeO+mJqvIzeO4xIpgJe/f7MTbbVTEC6RT6WSXNs=",
        "owner": "NixOS",
        "repo": "nixpkgs",
        "rev": "e72e4f299401a3689d4b3d5fc6496b11db7064eb",
        "type": "github"
      },
      "original": {
        "owner": "NixOS",
        "ref": "nixos-unstable",
        "repo": "nixpkgs",
        "type": "github"
      }
    },
    "nixpkgs_5": {
      "locked": {
        "lastModified": 1787209939,
        "narHash": "sha256-WvvHR4kSQLAbtouMC/ruZ5UpLwlUcY3K4FAllMN+yGk=",
        "owner": "NixOS",
        "repo": "nixpkgs",
        "rev": "391b592eb44808b3bd0cb80bb71b63a5a118b8bb",
        "type": "github"
      },
      "original": {
        "owner": "NixOS",
        "ref": "nixpkgs-unstable",
        "repo": "nixpkgs",
        "type": "github"
      }
    },
    "nixpkgs_6": {
      "locked": {
        "lastModified": 1786711500,
        "narHash": "sha256-QvnceIGTBeDvDd9oCn+GvdsnkquliuwbVgpiRH68qaQ=",
        "owner": "NixOS",
        "repo": "nixpkgs",
        "rev": "02e08985a27c65ffd33d434eeb2e660a2e4dc84d",
        "type": "github"
      },
      "original": {
        "owner": "NixOS",
        "ref": "nixos-26.05",
        "repo": "nixpkgs",
        "type": "github"
      }
    },
    "nixpkgs_7": {
      "locked": {
        "lastModified": 1787640266,
        "narHash": "sha256-MrkfE5hF5xx4L/0h5NyJ3xQkKVftwSuKSkFSrvlTxGY=",
        "rev": "f4f698677b11021a8f84f452e23ae9ef2427bec3",
        "revCount": 1012700,
        "type": "tarball",
        "url": "https://api.flakehub.com/f/pinned/NixOS/nixpkgs/0.2605.1012700%2Brev-f4f698677b11021a8f84f452e23ae9ef2427bec3/01a03a05-f06f-7841-ba76-b500eb2f64a0/source.tar.gz"
      },
      "original": {
        "type": "tarball",
        "url": "https://flakehub.com/f/NixOS/nixpkgs/0"
      }
    },
    "npm-lockfile-fix": {
      "inputs": {
        "nixpkgs": [
          "hermes-agent",
          "nixpkgs"
        ]
      },
      "locked": {
        "lastModified": 1775903712,
        "narHash": "sha256-2GV79U6iVH4gKAPWYrxUReB0S41ty/Y3dBLquU8AlaA=",
        "owner": "jeslie0",
        "repo": "npm-lockfile-fix",
        "rev": "c6093acb0c0548e0f9b8b3d82918823721930fe8",
        "type": "github"
      },
      "original": {
        "owner": "jeslie0",
        "repo": "npm-lockfile-fix",
        "type": "github"
      }
    },
    "pyproject-build-systems": {
      "inputs": {
        "nixpkgs": [
          "hermes-agent",
          "nixpkgs"
        ],
        "pyproject-nix": [
          "hermes-agent",
          "pyproject-nix"
        ],
        "uv2nix": [
          "hermes-agent",
          "uv2nix"
        ]
      },
      "locked": {
        "lastModified": 1785115949,
        "narHash": "sha256-8AM37BfyGaL2v/SZyg4PupRxJ01Y4htvM+WrTjWrPpo=",
        "owner": "pyproject-nix",
        "repo": "build-system-pkgs",
        "rev": "62c0d86027edb1c4f39a5facc09876348144f7c9",
        "type": "github"
      },
      "original": {
        "owner": "pyproject-nix",
        "repo": "build-system-pkgs",
        "type": "github"
      }
    },
    "pyproject-nix": {
      "inputs": {
        "nixpkgs": [
          "hermes-agent",
          "nixpkgs"
        ]
      },
      "locked": {
        "lastModified": 1784591072,
        "narHash": "sha256-zP/WaDxrRu8GANZM61+V2LT/7ycEEdoyLWn7M6WzU7M=",
        "owner": "pyproject-nix",
        "repo": "pyproject.nix",
        "rev": "e3b599ca2e7fcf93d4edf65d7f19bbf6491724f3",
        "type": "github"
      },
      "original": {
        "owner": "pyproject-nix",
        "repo": "pyproject.nix",
        "type": "github"
      }
    },
    "root": {
      "inputs": {
        "NixVirt": "NixVirt",
        "antigravity-nix": "antigravity-nix",
        "determinate-nix": "determinate-nix",
        "disko": "disko",
        "eve-preview-manager": "eve-preview-manager",
        "hermes-agent": "hermes-agent",
        "llm-agents": "llm-agents",
        "nix-citizen": "nix-citizen",
        "nix-gaming": "nix-gaming",
        "nix-minecraft": "nix-minecraft",
        "nixcord": "nixcord",
        "nixpkgs": "nixpkgs_7",
        "nixpkgs-25-11": "nixpkgs-25-11",
        "nixpkgs-unstable": "nixpkgs-unstable",
        "set-desto": "set-desto",
        "sops-nix": "sops-nix"
      }
    },
    "rust-overlay": {
      "inputs": {
        "nixpkgs": [
          "eve-preview-manager",
          "nixpkgs"
        ]
      },
      "locked": {
        "lastModified": 1779506148,
        "narHash": "sha256-OffE5yuMrSW71zIJNLvtl9MCO6WTAHEjlFPUCvkd/QM=",
        "owner": "oxalica",
        "repo": "rust-overlay",
        "rev": "d9973e2ab49747fada06ebbe26cda27eb0220cf1",
        "type": "github"
      },
      "original": {
        "owner": "oxalica",
        "repo": "rust-overlay",
        "type": "github"
      }
    },
    "set-desto": {
      "inputs": {
        "nixpkgs": [
          "nixpkgs"
        ]
      },
      "locked": {
        "lastModified": 1780018521,
        "narHash": "sha256-8ge1MeZrInqF0DRHGVrvhiIpM5z0F2gNEPcIuT55KUI=",
        "rev": "cb9dd91ec3ea4bb9b651b081725c04eb98ddb258",
        "revCount": 43,
        "type": "tarball",
        "url": "https://api.flakehub.com/f/pinned/h0lylag/set-desto/0.0.4/019e7167-0cdd-7852-80fd-fe674fe48e4e/source.tar.gz"
      },
      "original": {
        "type": "tarball",
        "url": "https://flakehub.com/f/h0lylag/set-desto/%2A"
      }
    },
    "sops-nix": {
      "inputs": {
        "nixpkgs": [
          "nixpkgs"
        ]
      },
      "locked": {
        "lastModified": 1786629091,
        "narHash": "sha256-gkig4nPi1CWc4Z50GBsjE4ygSE7hMpl/TwID2an2Cck=",
        "owner": "Mic92",
        "repo": "sops-nix",
        "rev": "a8627b21b9107c5711c96b84f32a9a4b3d45295f",
        "type": "github"
      },
      "original": {
        "owner": "Mic92",
        "repo": "sops-nix",
        "type": "github"
      }
    },
    "systems": {
      "locked": {
        "lastModified": 1681028828,
        "narHash": "sha256-Vy1rq5AaRuLzOxct8nz4T6wlgyUR7zLU309k9mBC768=",
        "owner": "nix-systems",
        "repo": "default",
        "rev": "da67096a3b9bf56a91d16901293e51ba5b49a27e",
        "type": "github"
      },
      "original": {
        "owner": "nix-systems",
        "repo": "default",
        "type": "github"
      }
    },
    "systems_2": {
      "locked": {
        "lastModified": 1681028828,
        "narHash": "sha256-Vy1rq5AaRuLzOxct8nz4T6wlgyUR7zLU309k9mBC768=",
        "owner": "nix-systems",
        "repo": "default",
        "rev": "da67096a3b9bf56a91d16901293e51ba5b49a27e",
        "type": "github"
      },
      "original": {
        "owner": "nix-systems",
        "repo": "default",
        "type": "github"
      }
    },
    "systems_3": {
      "locked": {
        "lastModified": 1681028828,
        "narHash": "sha256-Vy1rq5AaRuLzOxct8nz4T6wlgyUR7zLU309k9mBC768=",
        "owner": "nix-systems",
        "repo": "default",
        "rev": "da67096a3b9bf56a91d16901293e51ba5b49a27e",
        "type": "github"
      },
      "original": {
        "owner": "nix-systems",
        "repo": "default",
        "type": "github"
      }
    },
    "treefmt-nix": {
      "inputs": {
        "nixpkgs": [
          "llm-agents",
          "nixpkgs"
        ]
      },
      "locked": {
        "lastModified": 1786901030,
        "narHash": "sha256-WSFCsDSE5ffgD2MqzkM2CYjeFiKhRF/dJUN8uedb6YE=",
        "owner": "numtide",
        "repo": "treefmt-nix",
        "rev": "27b3b12a8e6375f28ebe122f07d230ca5459bbfa",
        "type": "github"
      },
      "original": {
        "owner": "numtide",
        "repo": "treefmt-nix",
        "type": "github"
      }
    },
    "treefmt-nix_2": {
      "inputs": {
        "nixpkgs": [
          "nix-citizen",
          "nixpkgs"
        ]
      },
      "locked": {
        "lastModified": 1785360170,
        "narHash": "sha256-XE1lKgQ3eIO3E7zWryqcRsax+mYXod/5RHBn4YaR9YE=",
        "owner": "numtide",
        "repo": "treefmt-nix",
        "rev": "d1187f8bc71fb8aab02395869ec3f5c1920f75c0",
        "type": "github"
      },
      "original": {
        "owner": "numtide",
        "repo": "treefmt-nix",
        "type": "github"
      }
    },
    "treefmt-nix_3": {
      "inputs": {
        "nixpkgs": [
          "nixcord",
          "nixpkgs"
        ]
      },
      "locked": {
        "lastModified": 1785945821,
        "narHash": "sha256-NLSyTCW4K4ofhNBllt3omPasm6QpralXH1DBZOc91Dw=",
        "owner": "numtide",
        "repo": "treefmt-nix",
        "rev": "ae7910970dddc408fe6ab1c8e4b277bb21d72dc0",
        "type": "github"
      },
      "original": {
        "owner": "numtide",
        "repo": "treefmt-nix",
        "type": "github"
      }
    },
    "uv2nix": {
      "inputs": {
        "nixpkgs": [
          "hermes-agent",
          "nixpkgs"
        ],
        "pyproject-nix": [
          "hermes-agent",
          "pyproject-nix"
        ]
      },
      "locked": {
        "lastModified": 1785277507,
        "narHash": "sha256-9Tq3UDX2hD/aveW/HvkBlAmEwJTOlY5HQXJM+L5BGmE=",
        "owner": "pyproject-nix",
        "repo": "uv2nix",
        "rev": "5a836d395cbf5fc22670eb98dd4aa4fc4d406977",
        "type": "github"
      },
      "original": {
        "owner": "pyproject-nix",
        "repo": "uv2nix",
        "type": "github"
      }
    }
  },
  "root": "root",
  "version": 7
}
